
Microsoft Visual Studio Solution File, Format Version 12.00
# Visual Studio Version 16
VisualStudioVersion = 16.0.29806.167
MinimumVisualStudioVersion = 10.0.40219.1
Project("{9A19103F-16F7-4668-BE54-9A1E7A4F7556}") = "17870_LP2", "17870_LP2.csproj", "{428A240D-A12A-4AA3-B1CD-83922F66F14F}"
EndProject
Project("{9A19103F-16F7-4668-BE54-9A1E7A4F7556}") = "Repository", "..\teste\Repository.csproj", "{1432AF5A-C833-4E09-9088-0B928C5523DF}"
EndProject
Project("{9A19103F-16F7-4668-BE54-9A1E7A4F7556}") = "Models", "..\Model2\Models.csproj", "{AC67F022-B258-4406-BE96-EC1452B6071D}"
EndProject
Project("{9A19103F-16F7-4668-BE54-9A1E7A4F7556}") = "Services", "..\Services2\Services.csproj", "{BDF0494F-369E-4A08-9D83-5BD3F4046E84}"
EndProject
Project("{9A19103F-16F7-4668-BE54-9A1E7A4F7556}") = "FileUtilities", "..\HospitalFileUtil2\FileUtilities.csproj", "{BD7C8726-2BF1-48C3-B348-5E46EF2C0C69}"
EndProject
Global
	GlobalSection(SolutionConfigurationPlatforms) = preSolution
		Debug|Any CPU = Debug|Any CPU
		Release|Any CPU = Release|Any CPU
	EndGlobalSection
	GlobalSection(ProjectConfigurationPlatforms) = postSolution
		{428A240D-A12A-4AA3-B1CD-83922F66F14F}.Debug|Any CPU.ActiveCfg = Debug|Any CPU
		{428A240D-A12A-4AA3-B1CD-83922F66F14F}.Debug|Any CPU.Build.0 = Debug|Any CPU
		{428A240D-A12A-4AA3-B1CD-83922F66F14F}.Release|Any CPU.ActiveCfg = Release|Any CPU
		{428A240D-A12A-4AA3-B1CD-83922F66F14F}.Release|Any CPU.Build.0 = Release|Any CPU
		{1432AF5A-C833-4E09-9088-0B928C5523DF}.Debug|Any CPU.ActiveCfg = Debug|Any CPU
		{1432AF5A-C833-4E09-9088-0B928C5523DF}.Debug|Any CPU.Build.0 = Debug|Any CPU
		{1432AF5A-C833-4E09-9088-0B928C5523DF}.Release|Any CPU.ActiveCfg = Release|Any CPU
		{1432AF5A-C833-4E09-9088-0B928C5523DF}.Release|Any CPU.Build.0 = Release|Any CPU
		{AC67F022-B258-4406-BE96-EC1452B6071D}.Debug|Any CPU.ActiveCfg = Debug|Any CPU
		{AC67F022-B258-4406-BE96-EC1452B6071D}.Debug|Any CPU.Build.0 = Debug|Any CPU
		{AC67F022-B258-4406-BE96-EC1452B6071D}.Release|Any CPU.ActiveCfg = Release|Any CPU
		{AC67F022-B258-4406-BE96-EC1452B6071D}.Release|Any CPU.Build.0 = Release|Any CPU
		{BDF0494F-369E-4A08-9D83-5BD3F4046E84}.Debug|Any CPU.ActiveCfg = Debug|Any CPU
		{BDF0494F-369E-4A08-9D83-5BD3F4046E84}.Debug|Any CPU.Build.0 = Debug|Any CPU
		{BDF0494F-369E-4A08-9D83-5BD3F4046E84}.Release|Any CPU.ActiveCfg = Release|Any CPU
		{BDF0494F-369E-4A08-9D83-5BD3F4046E84}.Release|Any CPU.Build.0 = Release|Any CPU
		{BD7C8726-2BF1-48C3-B348-5E46EF2C0C69}.Debug|Any CPU.ActiveCfg = Debug|Any CPU
		{BD7C8726-2BF1-48C3-B348-5E46EF2C0C69}.Debug|Any CPU.Build.0 = Debug|Any CPU
		{BD7C8726-2BF1-48C3-B348-5E46EF2C0C69}.Release|Any CPU.ActiveCfg = Release|Any CPU
		{BD7C8726-2BF1-48C3-B348-5E46EF2C0C69}.Release|Any CPU.Build.0 = Release|Any CPU
	EndGlobalSection
	GlobalSection(SolutionProperties) = preSolution
		HideSolutionNode = FALSE
	EndGlobalSection
	GlobalSection(ExtensibilityGlobals) = postSolution
		SolutionGuid = {CA3DF9C8-89E4-47DC-A2DA-143B71926F07}
	EndGlobalSection
EndGlobal
